
Microsoft Visual Studio Solution File, Format Version 12.00
# Visual Studio Version 17
VisualStudioVersion = 17.7.34031.279
MinimumVisualStudioVersion = 10.0.40219.1
Project("{FAE04EC0-301F-11D3-BF4B-00C04F79EFBC}") = "lab8.3", "lab8.3.csproj", "{DC772875-4986-4C23-A9F9-0CA86062628E}"
EndProject
Global
	GlobalSection(SolutionConfigurationPlatforms) = preSolution
		Debug|Any CPU = Debug|Any CPU
		Release|Any CPU = Release|Any CPU
	EndGlobalSection
	GlobalSection(ProjectConfigurationPlatforms) = postSolution
		{DC772875-4986-4C23-A9F9-0CA86062628E}.Debug|Any CPU.ActiveCfg = Debug|Any CPU
		{DC772875-4986-4C23-A9F9-0CA86062628E}.Debug|Any CPU.Build.0 = Debug|Any CPU
		{DC772875-4986-4C23-A9F9-0CA86062628E}.Release|Any CPU.ActiveCfg = Release|Any CPU
		{DC772875-4986-4C23-A9F9-0CA86062628E}.Release|Any CPU.Build.0 = Release|Any CPU
	EndGlobalSection
	GlobalSection(SolutionProperties) = preSolution
		HideSolutionNode = FALSE
	EndGlobalSection
	GlobalSection(ExtensibilityGlobals) = postSolution
		SolutionGuid = {5D70D0B0-5B47-4AF7-9560-D5834E52428B}
	EndGlobalSection
EndGlobal
